
Microsoft Visual Studio Solution File, Format Version 12.00
# Visual Studio Version 16
VisualStudioVersion = 16.0.30611.23
MinimumVisualStudioVersion = 10.0.40219.1
Project("{FAE04EC0-301F-11D3-BF4B-00C04F79EFBC}") = "HomeWork2", "HomeWork2\HomeWork2.csproj", "{CFC34EBF-BBB4-46FC-B36B-6876ED7FDCF1}"
EndProject
Global
	GlobalSection(SolutionConfigurationPlatforms) = preSolution
		Debug|Any CPU = Debug|Any CPU
		Release|Any CPU = Release|Any CPU
	EndGlobalSection
	GlobalSection(ProjectConfigurationPlatforms) = postSolution
		{CFC34EBF-BBB4-46FC-B36B-6876ED7FDCF1}.Debug|Any CPU.ActiveCfg = Debug|Any CPU
		{CFC34EBF-BBB4-46FC-B36B-6876ED7FDCF1}.Debug|Any CPU.Build.0 = Debug|Any CPU
		{CFC34EBF-BBB4-46FC-B36B-6876ED7FDCF1}.Release|Any CPU.ActiveCfg = Release|Any CPU
		{CFC34EBF-BBB4-46FC-B36B-6876ED7FDCF1}.Release|Any CPU.Build.0 = Release|Any CPU
	EndGlobalSection
	GlobalSection(SolutionProperties) = preSolution
		HideSolutionNode = FALSE
	EndGlobalSection
	GlobalSection(ExtensibilityGlobals) = postSolution
		SolutionGuid = {86A210F6-94CE-47F9-8286-10D28413B73A}
	EndGlobalSection
EndGlobal
